
Microsoft Visual Studio Solution File, Format Version 12.00
# Visual Studio 15
VisualStudioVersion = 15.0.26730.12
MinimumVisualStudioVersion = 10.0.40219.1
Project("{FAE04EC0-301F-11D3-BF4B-00C04F79EFBC}") = "QQSolver", "QQSolver\QQSolver.csproj", "{3751625D-7085-4407-9D9B-2ECAB3E36736}"
EndProject
Global
	GlobalSection(SolutionConfigurationPlatforms) = preSolution
		Debug|Any CPU = Debug|Any CPU
		Release|Any CPU = Release|Any CPU
	EndGlobalSection
	GlobalSection(ProjectConfigurationPlatforms) = postSolution
		{3751625D-7085-4407-9D9B-2ECAB3E36736}.Debug|Any CPU.ActiveCfg = Debug|Any CPU
		{3751625D-7085-4407-9D9B-2ECAB3E36736}.Debug|Any CPU.Build.0 = Debug|Any CPU
		{3751625D-7085-4407-9D9B-2ECAB3E36736}.Release|Any CPU.ActiveCfg = Release|Any CPU
		{3751625D-7085-4407-9D9B-2ECAB3E36736}.Release|Any CPU.Build.0 = Release|Any CPU
	EndGlobalSection
	GlobalSection(SolutionProperties) = preSolution
		HideSolutionNode = FALSE
	EndGlobalSection
	GlobalSection(ExtensibilityGlobals) = postSolution
		SolutionGuid = {5C98FB90-08E7-4B78-A5A2-97F7552B9E6F}
	EndGlobalSection
EndGlobal
